
Microsoft Visual Studio Solution File, Format Version 12.00
# Visual Studio Version 16
VisualStudioVersion = 16.0.31112.23
MinimumVisualStudioVersion = 10.0.40219.1
Project("{FAE04EC0-301F-11D3-BF4B-00C04F79EFBC}") = "Task 3.1.2", "Task 3.1.2.csproj", "{814DA1BF-2E04-4999-A897-B2A9C2377E92}"
EndProject
Global
	GlobalSection(SolutionConfigurationPlatforms) = preSolution
		Debug|Any CPU = Debug|Any CPU
		Release|Any CPU = Release|Any CPU
	EndGlobalSection
	GlobalSection(ProjectConfigurationPlatforms) = postSolution
		{814DA1BF-2E04-4999-A897-B2A9C2377E92}.Debug|Any CPU.ActiveCfg = Debug|Any CPU
		{814DA1BF-2E04-4999-A897-B2A9C2377E92}.Debug|Any CPU.Build.0 = Debug|Any CPU
		{814DA1BF-2E04-4999-A897-B2A9C2377E92}.Release|Any CPU.ActiveCfg = Release|Any CPU
		{814DA1BF-2E04-4999-A897-B2A9C2377E92}.Release|Any CPU.Build.0 = Release|Any CPU
	EndGlobalSection
	GlobalSection(SolutionProperties) = preSolution
		HideSolutionNode = FALSE
	EndGlobalSection
	GlobalSection(ExtensibilityGlobals) = postSolution
		SolutionGuid = {D2CC0585-A309-4FF7-9655-CF133CFE9724}
	EndGlobalSection
EndGlobal
