
Microsoft Visual Studio Solution File, Format Version 12.00
# Visual Studio Version 16
VisualStudioVersion = 16.0.31005.135
MinimumVisualStudioVersion = 10.0.40219.1
Project("{FAE04EC0-301F-11D3-BF4B-00C04F79EFBC}") = "Task 1.1", "Task 1.1.csproj", "{22DC3845-016F-485F-A68C-A1B2C256DCF6}"
EndProject
Global
	GlobalSection(SolutionConfigurationPlatforms) = preSolution
		Debug|Any CPU = Debug|Any CPU
		Release|Any CPU = Release|Any CPU
	EndGlobalSection
	GlobalSection(ProjectConfigurationPlatforms) = postSolution
		{22DC3845-016F-485F-A68C-A1B2C256DCF6}.Debug|Any CPU.ActiveCfg = Debug|Any CPU
		{22DC3845-016F-485F-A68C-A1B2C256DCF6}.Debug|Any CPU.Build.0 = Debug|Any CPU
		{22DC3845-016F-485F-A68C-A1B2C256DCF6}.Release|Any CPU.ActiveCfg = Release|Any CPU
		{22DC3845-016F-485F-A68C-A1B2C256DCF6}.Release|Any CPU.Build.0 = Release|Any CPU
	EndGlobalSection
	GlobalSection(SolutionProperties) = preSolution
		HideSolutionNode = FALSE
	EndGlobalSection
	GlobalSection(ExtensibilityGlobals) = postSolution
		SolutionGuid = {670C05E6-73C3-4A53-B925-E6553D9299CE}
	EndGlobalSection
EndGlobal
