
Microsoft Visual Studio Solution File, Format Version 12.00
# Visual Studio Version 16
VisualStudioVersion = 16.0.31129.286
MinimumVisualStudioVersion = 10.0.40219.1
Project("{FAE04EC0-301F-11D3-BF4B-00C04F79EFBC}") = "Task 3.3.1", "Task 3.3.1.csproj", "{D28696AE-7264-493F-9D47-9DF40659DAD0}"
EndProject
Global
	GlobalSection(SolutionConfigurationPlatforms) = preSolution
		Debug|Any CPU = Debug|Any CPU
		Release|Any CPU = Release|Any CPU
	EndGlobalSection
	GlobalSection(ProjectConfigurationPlatforms) = postSolution
		{D28696AE-7264-493F-9D47-9DF40659DAD0}.Debug|Any CPU.ActiveCfg = Debug|Any CPU
		{D28696AE-7264-493F-9D47-9DF40659DAD0}.Debug|Any CPU.Build.0 = Debug|Any CPU
		{D28696AE-7264-493F-9D47-9DF40659DAD0}.Release|Any CPU.ActiveCfg = Release|Any CPU
		{D28696AE-7264-493F-9D47-9DF40659DAD0}.Release|Any CPU.Build.0 = Release|Any CPU
	EndGlobalSection
	GlobalSection(SolutionProperties) = preSolution
		HideSolutionNode = FALSE
	EndGlobalSection
	GlobalSection(ExtensibilityGlobals) = postSolution
		SolutionGuid = {00B4384D-40B8-492D-9FC2-88050433146C}
	EndGlobalSection
EndGlobal
